
Microsoft Visual Studio Solution File, Format Version 12.00
# Visual Studio Version 17
VisualStudioVersion = 17.12.35521.163
MinimumVisualStudioVersion = 10.0.40219.1
Project("{FAE04EC0-301F-11D3-BF4B-00C04F79EFBC}") = "InventerPlugin", "InventerPlugin.csproj", "{D77E8DB4-EAA7-4DA2-B1DC-8DB680AF1AEB}"
EndProject
Project("{FAE04EC0-301F-11D3-BF4B-00C04F79EFBC}") = "ShowProperties", "..\ShowProperties\ShowProperties.csproj", "{F5CD7D4D-E2FC-44FE-960E-1344365D2E62}"
EndProject
Global
	GlobalSection(SolutionConfigurationPlatforms) = preSolution
		Debug|Any CPU = Debug|Any CPU
		Release|Any CPU = Release|Any CPU
	EndGlobalSection
	GlobalSection(ProjectConfigurationPlatforms) = postSolution
		{D77E8DB4-EAA7-4DA2-B1DC-8DB680AF1AEB}.Debug|Any CPU.ActiveCfg = Debug|Any CPU
		{D77E8DB4-EAA7-4DA2-B1DC-8DB680AF1AEB}.Debug|Any CPU.Build.0 = Debug|Any CPU
		{D77E8DB4-EAA7-4DA2-B1DC-8DB680AF1AEB}.Release|Any CPU.ActiveCfg = Release|Any CPU
		{D77E8DB4-EAA7-4DA2-B1DC-8DB680AF1AEB}.Release|Any CPU.Build.0 = Release|Any CPU
		{F5CD7D4D-E2FC-44FE-960E-1344365D2E62}.Debug|Any CPU.ActiveCfg = Debug|Any CPU
		{F5CD7D4D-E2FC-44FE-960E-1344365D2E62}.Debug|Any CPU.Build.0 = Debug|Any CPU
		{F5CD7D4D-E2FC-44FE-960E-1344365D2E62}.Release|Any CPU.ActiveCfg = Release|Any CPU
		{F5CD7D4D-E2FC-44FE-960E-1344365D2E62}.Release|Any CPU.Build.0 = Release|Any CPU
	EndGlobalSection
	GlobalSection(SolutionProperties) = preSolution
		HideSolutionNode = FALSE
	EndGlobalSection
EndGlobal
